{
  "version": 4,
  "terraform_version": "1.6.3",
  "serial": 557,
  "lineage": "b473fc82-0cdc-176c-da02-60500403bb47",
  "outputs": {},
  "resources": [
    {
      "mode": "managed",
      "type": "azurerm_linux_virtual_machine",
      "name": "one_app",
      "provider": "provider[\"registry.terraform.io/hashicorp/azurerm\"]",
      "instances": [
        {
          "index_key": "subnet1",
          "schema_version": 0,
          "attributes": {
            "additional_capabilities": [],
            "admin_password": "Kina2002",
            "admin_ssh_key": [
              {
                "public_key": "ssh-rsa AAAAB3NzaC1yc2EAAAADAQABAAACAQCuhT3FIBVE5X9qQE8/AV2CGj984VDAZ09S5uWbCWvS56N2/LMcvH1nz+SwUcwOdat68XtnwIpmHuZUqYnKJU8IKcSMT0qHnEVz1EI2HnqY7yyLATT94fKrrvk6Uhfh2pwmig0BCAwjpaNpBFjbh94ev18VtM8Nar1R9K7xkBtwwQkVJGO3KaGsnoTUz/GZ6z/Y3yXkCWsAP7htafTlfCZcuN9fCfjv8EpFfKgUg9bE0vf5awL3bVghthI1HbMcq7IdqHKrdKQvJktWvyoXNQHTSOCSiIf8nsnJTCZ9+SVHZ/VRCTo7HJzqRq3JYfoPElrbES1s6mAUiTpMsSxgdDW7vNBUm3VgnXfIiPkN4JTlYXKi3xK0PvanVj8QHAqe0qoqEZJIDPiF8/n/om3n+9I8Y1c72zKNKDG8v2SnSrUJ1CfDeGYxFEwkh6ypDaD0+GuwlrFbFnmvYAWEJ1lQCU4Jyyj72VsI0EQ8GuHj09uiu0Ur8Q/+UNNqg6t1KfgmyJgLefr9FeA0mhDzkYUiMbdIheqVxqqIODQjvJSPy+BQ9vLTMNN/DW9XaDgNbf9t/Y6Gik+hkdM+/ov5pGe/0FlzmrtJBfVUBT83HaA7G421xRuR2oLW/as+Zu+is8wFZS69RoWLpGYXl0dnQ7l6q/PHTQlG62t4Rx3fV7aL7ASO6Q==\n",
                "username": "adminuser"
              }
            ],
            "admin_username": "adminuser",
            "allow_extension_operations": true,
            "availability_set_id": "",
            "boot_diagnostics": [],
            "bypass_platform_safety_checks_on_user_schedule_enabled": false,
            "capacity_reservation_group_id": "",
            "computer_name": "myvm1",
            "custom_data": null,
            "dedicated_host_group_id": "",
            "dedicated_host_id": "",
            "disable_password_authentication": false,
            "edge_zone": "",
            "encryption_at_host_enabled": false,
            "eviction_policy": "",
            "extensions_time_budget": "PT1H30M",
            "gallery_application": [],
            "id": "/subscriptions/7b1ed50d-1210-4a50-a492-d45e62644919/resourceGroups/app_1/providers/Microsoft.Compute/virtualMachines/myvm1",
            "identity": [],
            "license_type": "",
            "location": "eastus",
            "max_bid_price": -1,
            "name": "myvm1",
            "network_interface_ids": [
              "/subscriptions/7b1ed50d-1210-4a50-a492-d45e62644919/resourceGroups/app_1/providers/Microsoft.Network/networkInterfaces/subnet1-one_app"
            ],
            "os_disk": [
              {
                "caching": "ReadWrite",
                "diff_disk_settings": [],
                "disk_encryption_set_id": "",
                "disk_size_gb": 30,
                "name": "myvm1_OsDisk_1_7a9fcae4bb1a452a90f4d1574338393d",
                "secure_vm_disk_encryption_set_id": "",
                "security_encryption_type": "",
                "storage_account_type": "Standard_LRS",
                "write_accelerator_enabled": false
              }
            ],
            "patch_assessment_mode": "ImageDefault",
            "patch_mode": "ImageDefault",
            "plan": [],
            "platform_fault_domain": -1,
            "priority": "Regular",
            "private_ip_address": "10.0.1.4",
            "private_ip_addresses": [
              "10.0.1.4"
            ],
            "provision_vm_agent": true,
            "proximity_placement_group_id": "",
            "public_ip_address": "40.117.34.182",
            "public_ip_addresses": [
              "40.117.34.182"
            ],
            "reboot_setting": "",
            "resource_group_name": "app_1",
            "secret": [],
            "secure_boot_enabled": false,
            "size": "Standard_B1s",
            "source_image_id": "",
            "source_image_reference": [
              {
                "offer": "UbuntuServer",
                "publisher": "Canonical",
                "sku": "16.04-LTS",
                "version": "latest"
              }
            ],
            "tags": null,
            "termination_notification": null,
            "timeouts": null,
            "user_data": "",
            "virtual_machine_id": "c0f7e665-a127-4bd2-8657-14c9ba0d8a0b",
            "virtual_machine_scale_set_id": "",
            "vtpm_enabled": false,
            "zone": ""
          },
          "sensitive_attributes": [],
          "private": "eyJlMmJmYjczMC1lY2FhLTExZTYtOGY4OC0zNDM2M2JjN2M0YzAiOnsiY3JlYXRlIjoyNzAwMDAwMDAwMDAwLCJkZWxldGUiOjI3MDAwMDAwMDAwMDAsInJlYWQiOjMwMDAwMDAwMDAwMCwidXBkYXRlIjoyNzAwMDAwMDAwMDAwfX0=",
          "dependencies": [
            "azurerm_network_interface.one_app",
            "azurerm_public_ip.one_app",
            "azurerm_resource_group.one_app",
            "azurerm_subnet.one_app",
            "azurerm_virtual_network.one_app",
            "tls_private_key.secureadmin_ssh"
          ]
        },
        {
          "index_key": "subnet2",
          "schema_version": 0,
          "attributes": {
            "additional_capabilities": [],
            "admin_password": "Kina2002",
            "admin_ssh_key": [
              {
                "public_key": "ssh-rsa AAAAB3NzaC1yc2EAAAADAQABAAACAQCuhT3FIBVE5X9qQE8/AV2CGj984VDAZ09S5uWbCWvS56N2/LMcvH1nz+SwUcwOdat68XtnwIpmHuZUqYnKJU8IKcSMT0qHnEVz1EI2HnqY7yyLATT94fKrrvk6Uhfh2pwmig0BCAwjpaNpBFjbh94ev18VtM8Nar1R9K7xkBtwwQkVJGO3KaGsnoTUz/GZ6z/Y3yXkCWsAP7htafTlfCZcuN9fCfjv8EpFfKgUg9bE0vf5awL3bVghthI1HbMcq7IdqHKrdKQvJktWvyoXNQHTSOCSiIf8nsnJTCZ9+SVHZ/VRCTo7HJzqRq3JYfoPElrbES1s6mAUiTpMsSxgdDW7vNBUm3VgnXfIiPkN4JTlYXKi3xK0PvanVj8QHAqe0qoqEZJIDPiF8/n/om3n+9I8Y1c72zKNKDG8v2SnSrUJ1CfDeGYxFEwkh6ypDaD0+GuwlrFbFnmvYAWEJ1lQCU4Jyyj72VsI0EQ8GuHj09uiu0Ur8Q/+UNNqg6t1KfgmyJgLefr9FeA0mhDzkYUiMbdIheqVxqqIODQjvJSPy+BQ9vLTMNN/DW9XaDgNbf9t/Y6Gik+hkdM+/ov5pGe/0FlzmrtJBfVUBT83HaA7G421xRuR2oLW/as+Zu+is8wFZS69RoWLpGYXl0dnQ7l6q/PHTQlG62t4Rx3fV7aL7ASO6Q==\n",
                "username": "adminuser"
              }
            ],
            "admin_username": "adminuser",
            "allow_extension_operations": true,
            "availability_set_id": "",
            "boot_diagnostics": [],
            "bypass_platform_safety_checks_on_user_schedule_enabled": false,
            "capacity_reservation_group_id": "",
            "computer_name": "myvm2",
            "custom_data": null,
            "dedicated_host_group_id": "",
            "dedicated_host_id": "",
            "disable_password_authentication": false,
            "edge_zone": "",
            "encryption_at_host_enabled": false,
            "eviction_policy": "",
            "extensions_time_budget": "PT1H30M",
            "gallery_application": [],
            "id": "/subscriptions/7b1ed50d-1210-4a50-a492-d45e62644919/resourceGroups/app_1/providers/Microsoft.Compute/virtualMachines/myvm2",
            "identity": [],
            "license_type": "",
            "location": "eastus",
            "max_bid_price": -1,
            "name": "myvm2",
            "network_interface_ids": [
              "/subscriptions/7b1ed50d-1210-4a50-a492-d45e62644919/resourceGroups/app_1/providers/Microsoft.Network/networkInterfaces/subnet2-one_app"
            ],
            "os_disk": [
              {
                "caching": "ReadWrite",
                "diff_disk_settings": [],
                "disk_encryption_set_id": "",
                "disk_size_gb": 30,
                "name": "myvm2_OsDisk_1_3037c8adfe67412f8206ea0f33beb859",
                "secure_vm_disk_encryption_set_id": "",
                "security_encryption_type": "",
                "storage_account_type": "Standard_LRS",
                "write_accelerator_enabled": false
              }
            ],
            "patch_assessment_mode": "ImageDefault",
            "patch_mode": "ImageDefault",
            "plan": [],
            "platform_fault_domain": -1,
            "priority": "Regular",
            "private_ip_address": "10.0.2.4",
            "private_ip_addresses": [
              "10.0.2.4"
            ],
            "provision_vm_agent": true,
            "proximity_placement_group_id": "",
            "public_ip_address": "40.117.34.208",
            "public_ip_addresses": [
              "40.117.34.208"
            ],
            "reboot_setting": "",
            "resource_group_name": "app_1",
            "secret": [],
            "secure_boot_enabled": false,
            "size": "Standard_B1s",
            "source_image_id": "",
            "source_image_reference": [
              {
                "offer": "UbuntuServer",
                "publisher": "Canonical",
                "sku": "16.04-LTS",
                "version": "latest"
              }
            ],
            "tags": null,
            "termination_notification": null,
            "timeouts": null,
            "user_data": "",
            "virtual_machine_id": "264235e7-55de-4e37-8eef-1be34ec0ec29",
            "virtual_machine_scale_set_id": "",
            "vtpm_enabled": false,
            "zone": ""
          },
          "sensitive_attributes": [],
          "private": "eyJlMmJmYjczMC1lY2FhLTExZTYtOGY4OC0zNDM2M2JjN2M0YzAiOnsiY3JlYXRlIjoyNzAwMDAwMDAwMDAwLCJkZWxldGUiOjI3MDAwMDAwMDAwMDAsInJlYWQiOjMwMDAwMDAwMDAwMCwidXBkYXRlIjoyNzAwMDAwMDAwMDAwfX0=",
          "dependencies": [
            "azurerm_network_interface.one_app",
            "azurerm_public_ip.one_app",
            "azurerm_resource_group.one_app",
            "azurerm_subnet.one_app",
            "azurerm_virtual_network.one_app",
            "tls_private_key.secureadmin_ssh"
          ]
        },
        {
          "index_key": "subnet3",
          "schema_version": 0,
          "attributes": {
            "additional_capabilities": [],
            "admin_password": "Kina2002",
            "admin_ssh_key": [
              {
                "public_key": "ssh-rsa AAAAB3NzaC1yc2EAAAADAQABAAACAQCuhT3FIBVE5X9qQE8/AV2CGj984VDAZ09S5uWbCWvS56N2/LMcvH1nz+SwUcwOdat68XtnwIpmHuZUqYnKJU8IKcSMT0qHnEVz1EI2HnqY7yyLATT94fKrrvk6Uhfh2pwmig0BCAwjpaNpBFjbh94ev18VtM8Nar1R9K7xkBtwwQkVJGO3KaGsnoTUz/GZ6z/Y3yXkCWsAP7htafTlfCZcuN9fCfjv8EpFfKgUg9bE0vf5awL3bVghthI1HbMcq7IdqHKrdKQvJktWvyoXNQHTSOCSiIf8nsnJTCZ9+SVHZ/VRCTo7HJzqRq3JYfoPElrbES1s6mAUiTpMsSxgdDW7vNBUm3VgnXfIiPkN4JTlYXKi3xK0PvanVj8QHAqe0qoqEZJIDPiF8/n/om3n+9I8Y1c72zKNKDG8v2SnSrUJ1CfDeGYxFEwkh6ypDaD0+GuwlrFbFnmvYAWEJ1lQCU4Jyyj72VsI0EQ8GuHj09uiu0Ur8Q/+UNNqg6t1KfgmyJgLefr9FeA0mhDzkYUiMbdIheqVxqqIODQjvJSPy+BQ9vLTMNN/DW9XaDgNbf9t/Y6Gik+hkdM+/ov5pGe/0FlzmrtJBfVUBT83HaA7G421xRuR2oLW/as+Zu+is8wFZS69RoWLpGYXl0dnQ7l6q/PHTQlG62t4Rx3fV7aL7ASO6Q==\n",
                "username": "adminuser"
              }
            ],
            "admin_username": "adminuser",
            "allow_extension_operations": true,
            "availability_set_id": "",
            "boot_diagnostics": [],
            "bypass_platform_safety_checks_on_user_schedule_enabled": false,
            "capacity_reservation_group_id": "",
            "computer_name": "myvm3",
            "custom_data": null,
            "dedicated_host_group_id": "",
            "dedicated_host_id": "",
            "disable_password_authentication": false,
            "edge_zone": "",
            "encryption_at_host_enabled": false,
            "eviction_policy": "",
            "extensions_time_budget": "PT1H30M",
            "gallery_application": [],
            "id": "/subscriptions/7b1ed50d-1210-4a50-a492-d45e62644919/resourceGroups/app_1/providers/Microsoft.Compute/virtualMachines/myvm3",
            "identity": [],
            "license_type": "",
            "location": "eastus",
            "max_bid_price": -1,
            "name": "myvm3",
            "network_interface_ids": [
              "/subscriptions/7b1ed50d-1210-4a50-a492-d45e62644919/resourceGroups/app_1/providers/Microsoft.Network/networkInterfaces/subnet3-one_app"
            ],
            "os_disk": [
              {
                "caching": "ReadWrite",
                "diff_disk_settings": [],
                "disk_encryption_set_id": "",
                "disk_size_gb": 30,
                "name": "myvm3_OsDisk_1_b180e88a82334e479bb5b32155ba28a3",
                "secure_vm_disk_encryption_set_id": "",
                "security_encryption_type": "",
                "storage_account_type": "Standard_LRS",
                "write_accelerator_enabled": false
              }
            ],
            "patch_assessment_mode": "ImageDefault",
            "patch_mode": "ImageDefault",
            "plan": [],
            "platform_fault_domain": -1,
            "priority": "Regular",
            "private_ip_address": "10.0.3.4",
            "private_ip_addresses": [
              "10.0.3.4"
            ],
            "provision_vm_agent": true,
            "proximity_placement_group_id": "",
            "public_ip_address": "40.117.35.43",
            "public_ip_addresses": [
              "40.117.35.43"
            ],
            "reboot_setting": "",
            "resource_group_name": "app_1",
            "secret": [],
            "secure_boot_enabled": false,
            "size": "Standard_B1s",
            "source_image_id": "",
            "source_image_reference": [
              {
                "offer": "UbuntuServer",
                "publisher": "Canonical",
                "sku": "16.04-LTS",
                "version": "latest"
              }
            ],
            "tags": null,
            "termination_notification": null,
            "timeouts": null,
            "user_data": "",
            "virtual_machine_id": "b89ddd35-5c8f-4778-815e-e31055e492b2",
            "virtual_machine_scale_set_id": "",
            "vtpm_enabled": false,
            "zone": ""
          },
          "sensitive_attributes": [],
          "private": "eyJlMmJmYjczMC1lY2FhLTExZTYtOGY4OC0zNDM2M2JjN2M0YzAiOnsiY3JlYXRlIjoyNzAwMDAwMDAwMDAwLCJkZWxldGUiOjI3MDAwMDAwMDAwMDAsInJlYWQiOjMwMDAwMDAwMDAwMCwidXBkYXRlIjoyNzAwMDAwMDAwMDAwfX0=",
          "dependencies": [
            "azurerm_network_interface.one_app",
            "azurerm_public_ip.one_app",
            "azurerm_resource_group.one_app",
            "azurerm_subnet.one_app",
            "azurerm_virtual_network.one_app",
            "tls_private_key.secureadmin_ssh"
          ]
        }
      ]
    },
    {
      "mode": "managed",
      "type": "azurerm_network_interface",
      "name": "one_app",
      "provider": "provider[\"registry.terraform.io/hashicorp/azurerm\"]",
      "instances": [
        {
          "index_key": "subnet1",
          "schema_version": 0,
          "attributes": {
            "applied_dns_servers": [],
            "auxiliary_mode": "",
            "auxiliary_sku": "",
            "dns_servers": [],
            "edge_zone": "",
            "enable_accelerated_networking": false,
            "enable_ip_forwarding": false,
            "id": "/subscriptions/7b1ed50d-1210-4a50-a492-d45e62644919/resourceGroups/app_1/providers/Microsoft.Network/networkInterfaces/subnet1-one_app",
            "internal_dns_name_label": "",
            "internal_domain_name_suffix": "2he44bykfpiuri0hxga5dy3vng.bx.internal.cloudapp.net",
            "ip_configuration": [
              {
                "gateway_load_balancer_frontend_ip_configuration_id": "",
                "name": "subnet1-internal",
                "primary": true,
                "private_ip_address": "10.0.1.4",
                "private_ip_address_allocation": "Dynamic",
                "private_ip_address_version": "IPv4",
                "public_ip_address_id": "/subscriptions/7b1ed50d-1210-4a50-a492-d45e62644919/resourceGroups/app_1/providers/Microsoft.Network/publicIPAddresses/subnet1-acceptanceTestPublicIp1",
                "subnet_id": "/subscriptions/7b1ed50d-1210-4a50-a492-d45e62644919/resourceGroups/app_1/providers/Microsoft.Network/virtualNetworks/virtualNetwork1/subnets/subnetsubnet1"
              }
            ],
            "location": "eastus",
            "mac_address": "",
            "name": "subnet1-one_app",
            "private_ip_address": "10.0.1.4",
            "private_ip_addresses": [
              "10.0.1.4"
            ],
            "resource_group_name": "app_1",
            "tags": null,
            "timeouts": null,
            "virtual_machine_id": ""
          },
          "sensitive_attributes": [],
          "private": "eyJlMmJmYjczMC1lY2FhLTExZTYtOGY4OC0zNDM2M2JjN2M0YzAiOnsiY3JlYXRlIjoxODAwMDAwMDAwMDAwLCJkZWxldGUiOjE4MDAwMDAwMDAwMDAsInJlYWQiOjMwMDAwMDAwMDAwMCwidXBkYXRlIjoxODAwMDAwMDAwMDAwfX0=",
          "dependencies": [
            "azurerm_public_ip.one_app",
            "azurerm_resource_group.one_app",
            "azurerm_subnet.one_app",
            "azurerm_virtual_network.one_app"
          ]
        },
        {
          "index_key": "subnet2",
          "schema_version": 0,
          "attributes": {
            "applied_dns_servers": [],
            "auxiliary_mode": "",
            "auxiliary_sku": "",
            "dns_servers": [],
            "edge_zone": "",
            "enable_accelerated_networking": false,
            "enable_ip_forwarding": false,
            "id": "/subscriptions/7b1ed50d-1210-4a50-a492-d45e62644919/resourceGroups/app_1/providers/Microsoft.Network/networkInterfaces/subnet2-one_app",
            "internal_dns_name_label": "",
            "internal_domain_name_suffix": "2he44bykfpiuri0hxga5dy3vng.bx.internal.cloudapp.net",
            "ip_configuration": [
              {
                "gateway_load_balancer_frontend_ip_configuration_id": "",
                "name": "subnet2-internal",
                "primary": true,
                "private_ip_address": "10.0.2.4",
                "private_ip_address_allocation": "Dynamic",
                "private_ip_address_version": "IPv4",
                "public_ip_address_id": "/subscriptions/7b1ed50d-1210-4a50-a492-d45e62644919/resourceGroups/app_1/providers/Microsoft.Network/publicIPAddresses/subnet2-acceptanceTestPublicIp1",
                "subnet_id": "/subscriptions/7b1ed50d-1210-4a50-a492-d45e62644919/resourceGroups/app_1/providers/Microsoft.Network/virtualNetworks/virtualNetwork1/subnets/subnetsubnet2"
              }
            ],
            "location": "eastus",
            "mac_address": "",
            "name": "subnet2-one_app",
            "private_ip_address": "10.0.2.4",
            "private_ip_addresses": [
              "10.0.2.4"
            ],
            "resource_group_name": "app_1",
            "tags": null,
            "timeouts": null,
            "virtual_machine_id": ""
          },
          "sensitive_attributes": [],
          "private": "eyJlMmJmYjczMC1lY2FhLTExZTYtOGY4OC0zNDM2M2JjN2M0YzAiOnsiY3JlYXRlIjoxODAwMDAwMDAwMDAwLCJkZWxldGUiOjE4MDAwMDAwMDAwMDAsInJlYWQiOjMwMDAwMDAwMDAwMCwidXBkYXRlIjoxODAwMDAwMDAwMDAwfX0=",
          "dependencies": [
            "azurerm_public_ip.one_app",
            "azurerm_resource_group.one_app",
            "azurerm_subnet.one_app",
            "azurerm_virtual_network.one_app"
          ]
        },
        {
          "index_key": "subnet3",
          "schema_version": 0,
          "attributes": {
            "applied_dns_servers": [],
            "auxiliary_mode": "",
            "auxiliary_sku": "",
            "dns_servers": [],
            "edge_zone": "",
            "enable_accelerated_networking": false,
            "enable_ip_forwarding": false,
            "id": "/subscriptions/7b1ed50d-1210-4a50-a492-d45e62644919/resourceGroups/app_1/providers/Microsoft.Network/networkInterfaces/subnet3-one_app",
            "internal_dns_name_label": "",
            "internal_domain_name_suffix": "2he44bykfpiuri0hxga5dy3vng.bx.internal.cloudapp.net",
            "ip_configuration": [
              {
                "gateway_load_balancer_frontend_ip_configuration_id": "",
                "name": "subnet3-internal",
                "primary": true,
                "private_ip_address": "10.0.3.4",
                "private_ip_address_allocation": "Dynamic",
                "private_ip_address_version": "IPv4",
                "public_ip_address_id": "/subscriptions/7b1ed50d-1210-4a50-a492-d45e62644919/resourceGroups/app_1/providers/Microsoft.Network/publicIPAddresses/subnet3-acceptanceTestPublicIp1",
                "subnet_id": "/subscriptions/7b1ed50d-1210-4a50-a492-d45e62644919/resourceGroups/app_1/providers/Microsoft.Network/virtualNetworks/virtualNetwork1/subnets/subnetsubnet3"
              }
            ],
            "location": "eastus",
            "mac_address": "",
            "name": "subnet3-one_app",
            "private_ip_address": "10.0.3.4",
            "private_ip_addresses": [
              "10.0.3.4"
            ],
            "resource_group_name": "app_1",
            "tags": null,
            "timeouts": null,
            "virtual_machine_id": ""
          },
          "sensitive_attributes": [],
          "private": "eyJlMmJmYjczMC1lY2FhLTExZTYtOGY4OC0zNDM2M2JjN2M0YzAiOnsiY3JlYXRlIjoxODAwMDAwMDAwMDAwLCJkZWxldGUiOjE4MDAwMDAwMDAwMDAsInJlYWQiOjMwMDAwMDAwMDAwMCwidXBkYXRlIjoxODAwMDAwMDAwMDAwfX0=",
          "dependencies": [
            "azurerm_public_ip.one_app",
            "azurerm_resource_group.one_app",
            "azurerm_subnet.one_app",
            "azurerm_virtual_network.one_app"
          ]
        }
      ]
    },
    {
      "mode": "managed",
      "type": "azurerm_network_interface_security_group_association",
      "name": "one_app",
      "provider": "provider[\"registry.terraform.io/hashicorp/azurerm\"]",
      "instances": [
        {
          "index_key": "subnet1",
          "schema_version": 0,
          "attributes": {
            "id": "/subscriptions/7b1ed50d-1210-4a50-a492-d45e62644919/resourceGroups/app_1/providers/Microsoft.Network/networkInterfaces/subnet1-one_app|/subscriptions/7b1ed50d-1210-4a50-a492-d45e62644919/resourceGroups/app_1/providers/Microsoft.Network/networkSecurityGroups/subnet1-NetworkSecurityGroup",
            "network_interface_id": "/subscriptions/7b1ed50d-1210-4a50-a492-d45e62644919/resourceGroups/app_1/providers/Microsoft.Network/networkInterfaces/subnet1-one_app",
            "network_security_group_id": "/subscriptions/7b1ed50d-1210-4a50-a492-d45e62644919/resourceGroups/app_1/providers/Microsoft.Network/networkSecurityGroups/subnet1-NetworkSecurityGroup",
            "timeouts": null
          },
          "sensitive_attributes": [],
          "private": "eyJlMmJmYjczMC1lY2FhLTExZTYtOGY4OC0zNDM2M2JjN2M0YzAiOnsiY3JlYXRlIjoxODAwMDAwMDAwMDAwLCJkZWxldGUiOjE4MDAwMDAwMDAwMDAsInJlYWQiOjMwMDAwMDAwMDAwMH19",
          "dependencies": [
            "azurerm_network_interface.one_app",
            "azurerm_network_security_group.one_app",
            "azurerm_public_ip.one_app",
            "azurerm_resource_group.one_app",
            "azurerm_subnet.one_app",
            "azurerm_virtual_network.one_app"
          ]
        },
        {
          "index_key": "subnet2",
          "schema_version": 0,
          "attributes": {
            "id": "/subscriptions/7b1ed50d-1210-4a50-a492-d45e62644919/resourceGroups/app_1/providers/Microsoft.Network/networkInterfaces/subnet2-one_app|/subscriptions/7b1ed50d-1210-4a50-a492-d45e62644919/resourceGroups/app_1/providers/Microsoft.Network/networkSecurityGroups/subnet2-NetworkSecurityGroup",
            "network_interface_id": "/subscriptions/7b1ed50d-1210-4a50-a492-d45e62644919/resourceGroups/app_1/providers/Microsoft.Network/networkInterfaces/subnet2-one_app",
            "network_security_group_id": "/subscriptions/7b1ed50d-1210-4a50-a492-d45e62644919/resourceGroups/app_1/providers/Microsoft.Network/networkSecurityGroups/subnet2-NetworkSecurityGroup",
            "timeouts": null
          },
          "sensitive_attributes": [],
          "private": "eyJlMmJmYjczMC1lY2FhLTExZTYtOGY4OC0zNDM2M2JjN2M0YzAiOnsiY3JlYXRlIjoxODAwMDAwMDAwMDAwLCJkZWxldGUiOjE4MDAwMDAwMDAwMDAsInJlYWQiOjMwMDAwMDAwMDAwMH19",
          "dependencies": [
            "azurerm_network_interface.one_app",
            "azurerm_network_security_group.one_app",
            "azurerm_public_ip.one_app",
            "azurerm_resource_group.one_app",
            "azurerm_subnet.one_app",
            "azurerm_virtual_network.one_app"
          ]
        },
        {
          "index_key": "subnet3",
          "schema_version": 0,
          "attributes": {
            "id": "/subscriptions/7b1ed50d-1210-4a50-a492-d45e62644919/resourceGroups/app_1/providers/Microsoft.Network/networkInterfaces/subnet3-one_app|/subscriptions/7b1ed50d-1210-4a50-a492-d45e62644919/resourceGroups/app_1/providers/Microsoft.Network/networkSecurityGroups/subnet3-NetworkSecurityGroup",
            "network_interface_id": "/subscriptions/7b1ed50d-1210-4a50-a492-d45e62644919/resourceGroups/app_1/providers/Microsoft.Network/networkInterfaces/subnet3-one_app",
            "network_security_group_id": "/subscriptions/7b1ed50d-1210-4a50-a492-d45e62644919/resourceGroups/app_1/providers/Microsoft.Network/networkSecurityGroups/subnet3-NetworkSecurityGroup",
            "timeouts": null
          },
          "sensitive_attributes": [],
          "private": "eyJlMmJmYjczMC1lY2FhLTExZTYtOGY4OC0zNDM2M2JjN2M0YzAiOnsiY3JlYXRlIjoxODAwMDAwMDAwMDAwLCJkZWxldGUiOjE4MDAwMDAwMDAwMDAsInJlYWQiOjMwMDAwMDAwMDAwMH19",
          "dependencies": [
            "azurerm_network_interface.one_app",
            "azurerm_network_security_group.one_app",
            "azurerm_public_ip.one_app",
            "azurerm_resource_group.one_app",
            "azurerm_subnet.one_app",
            "azurerm_virtual_network.one_app"
          ]
        }
      ]
    },
    {
      "mode": "managed",
      "type": "azurerm_network_security_group",
      "name": "one_app",
      "provider": "provider[\"registry.terraform.io/hashicorp/azurerm\"]",
      "instances": [
        {
          "index_key": "subnet1",
          "schema_version": 0,
          "attributes": {
            "id": "/subscriptions/7b1ed50d-1210-4a50-a492-d45e62644919/resourceGroups/app_1/providers/Microsoft.Network/networkSecurityGroups/subnet1-NetworkSecurityGroup",
            "location": "eastus",
            "name": "subnet1-NetworkSecurityGroup",
            "resource_group_name": "app_1",
            "security_rule": [
              {
                "access": "Allow",
                "description": "",
                "destination_address_prefix": "*",
                "destination_address_prefixes": [],
                "destination_application_security_group_ids": [],
                "destination_port_range": "22",
                "destination_port_ranges": [],
                "direction": "Inbound",
                "name": "SSH",
                "priority": 200,
                "protocol": "Tcp",
                "source_address_prefix": "*",
                "source_address_prefixes": [],
                "source_application_security_group_ids": [],
                "source_port_range": "*",
                "source_port_ranges": []
              }
            ],
            "tags": null,
            "timeouts": null
          },
          "sensitive_attributes": [],
          "private": "eyJlMmJmYjczMC1lY2FhLTExZTYtOGY4OC0zNDM2M2JjN2M0YzAiOnsiY3JlYXRlIjoxODAwMDAwMDAwMDAwLCJkZWxldGUiOjE4MDAwMDAwMDAwMDAsInJlYWQiOjMwMDAwMDAwMDAwMCwidXBkYXRlIjoxODAwMDAwMDAwMDAwfX0=",
          "dependencies": [
            "azurerm_resource_group.one_app"
          ]
        },
        {
          "index_key": "subnet2",
          "schema_version": 0,
          "attributes": {
            "id": "/subscriptions/7b1ed50d-1210-4a50-a492-d45e62644919/resourceGroups/app_1/providers/Microsoft.Network/networkSecurityGroups/subnet2-NetworkSecurityGroup",
            "location": "eastus",
            "name": "subnet2-NetworkSecurityGroup",
            "resource_group_name": "app_1",
            "security_rule": [
              {
                "access": "Allow",
                "description": "",
                "destination_address_prefix": "*",
                "destination_address_prefixes": [],
                "destination_application_security_group_ids": [],
                "destination_port_range": "22",
                "destination_port_ranges": [],
                "direction": "Inbound",
                "name": "SSH",
                "priority": 200,
                "protocol": "Tcp",
                "source_address_prefix": "*",
                "source_address_prefixes": [],
                "source_application_security_group_ids": [],
                "source_port_range": "*",
                "source_port_ranges": []
              }
            ],
            "tags": null,
            "timeouts": null
          },
          "sensitive_attributes": [],
          "private": "eyJlMmJmYjczMC1lY2FhLTExZTYtOGY4OC0zNDM2M2JjN2M0YzAiOnsiY3JlYXRlIjoxODAwMDAwMDAwMDAwLCJkZWxldGUiOjE4MDAwMDAwMDAwMDAsInJlYWQiOjMwMDAwMDAwMDAwMCwidXBkYXRlIjoxODAwMDAwMDAwMDAwfX0=",
          "dependencies": [
            "azurerm_resource_group.one_app"
          ]
        },
        {
          "index_key": "subnet3",
          "schema_version": 0,
          "attributes": {
            "id": "/subscriptions/7b1ed50d-1210-4a50-a492-d45e62644919/resourceGroups/app_1/providers/Microsoft.Network/networkSecurityGroups/subnet3-NetworkSecurityGroup",
            "location": "eastus",
            "name": "subnet3-NetworkSecurityGroup",
            "resource_group_name": "app_1",
            "security_rule": [
              {
                "access": "Allow",
                "description": "",
                "destination_address_prefix": "*",
                "destination_address_prefixes": [],
                "destination_application_security_group_ids": [],
                "destination_port_range": "22",
                "destination_port_ranges": [],
                "direction": "Inbound",
                "name": "SSH",
                "priority": 200,
                "protocol": "Tcp",
                "source_address_prefix": "*",
                "source_address_prefixes": [],
                "source_application_security_group_ids": [],
                "source_port_range": "*",
                "source_port_ranges": []
              }
            ],
            "tags": null,
            "timeouts": null
          },
          "sensitive_attributes": [],
          "private": "eyJlMmJmYjczMC1lY2FhLTExZTYtOGY4OC0zNDM2M2JjN2M0YzAiOnsiY3JlYXRlIjoxODAwMDAwMDAwMDAwLCJkZWxldGUiOjE4MDAwMDAwMDAwMDAsInJlYWQiOjMwMDAwMDAwMDAwMCwidXBkYXRlIjoxODAwMDAwMDAwMDAwfX0=",
          "dependencies": [
            "azurerm_resource_group.one_app"
          ]
        }
      ]
    },
    {
      "mode": "managed",
      "type": "azurerm_public_ip",
      "name": "one_app",
      "provider": "provider[\"registry.terraform.io/hashicorp/azurerm\"]",
      "instances": [
        {
          "index_key": "subnet1",
          "schema_version": 0,
          "attributes": {
            "allocation_method": "Static",
            "ddos_protection_mode": "VirtualNetworkInherited",
            "ddos_protection_plan_id": null,
            "domain_name_label": null,
            "edge_zone": "",
            "fqdn": null,
            "id": "/subscriptions/7b1ed50d-1210-4a50-a492-d45e62644919/resourceGroups/app_1/providers/Microsoft.Network/publicIPAddresses/subnet1-acceptanceTestPublicIp1",
            "idle_timeout_in_minutes": 4,
            "ip_address": "40.117.34.182",
            "ip_tags": null,
            "ip_version": "IPv4",
            "location": "eastus",
            "name": "subnet1-acceptanceTestPublicIp1",
            "public_ip_prefix_id": null,
            "resource_group_name": "app_1",
            "reverse_fqdn": null,
            "sku": "Basic",
            "sku_tier": "Regional",
            "tags": null,
            "timeouts": null,
            "zones": null
          },
          "sensitive_attributes": [],
          "private": "eyJlMmJmYjczMC1lY2FhLTExZTYtOGY4OC0zNDM2M2JjN2M0YzAiOnsiY3JlYXRlIjoxODAwMDAwMDAwMDAwLCJkZWxldGUiOjE4MDAwMDAwMDAwMDAsInJlYWQiOjMwMDAwMDAwMDAwMCwidXBkYXRlIjoxODAwMDAwMDAwMDAwfX0=",
          "dependencies": [
            "azurerm_resource_group.one_app"
          ]
        },
        {
          "index_key": "subnet2",
          "schema_version": 0,
          "attributes": {
            "allocation_method": "Static",
            "ddos_protection_mode": "VirtualNetworkInherited",
            "ddos_protection_plan_id": null,
            "domain_name_label": null,
            "edge_zone": "",
            "fqdn": null,
            "id": "/subscriptions/7b1ed50d-1210-4a50-a492-d45e62644919/resourceGroups/app_1/providers/Microsoft.Network/publicIPAddresses/subnet2-acceptanceTestPublicIp1",
            "idle_timeout_in_minutes": 4,
            "ip_address": "40.117.34.208",
            "ip_tags": null,
            "ip_version": "IPv4",
            "location": "eastus",
            "name": "subnet2-acceptanceTestPublicIp1",
            "public_ip_prefix_id": null,
            "resource_group_name": "app_1",
            "reverse_fqdn": null,
            "sku": "Basic",
            "sku_tier": "Regional",
            "tags": null,
            "timeouts": null,
            "zones": null
          },
          "sensitive_attributes": [],
          "private": "eyJlMmJmYjczMC1lY2FhLTExZTYtOGY4OC0zNDM2M2JjN2M0YzAiOnsiY3JlYXRlIjoxODAwMDAwMDAwMDAwLCJkZWxldGUiOjE4MDAwMDAwMDAwMDAsInJlYWQiOjMwMDAwMDAwMDAwMCwidXBkYXRlIjoxODAwMDAwMDAwMDAwfX0=",
          "dependencies": [
            "azurerm_resource_group.one_app"
          ]
        },
        {
          "index_key": "subnet3",
          "schema_version": 0,
          "attributes": {
            "allocation_method": "Static",
            "ddos_protection_mode": "VirtualNetworkInherited",
            "ddos_protection_plan_id": null,
            "domain_name_label": null,
            "edge_zone": "",
            "fqdn": null,
            "id": "/subscriptions/7b1ed50d-1210-4a50-a492-d45e62644919/resourceGroups/app_1/providers/Microsoft.Network/publicIPAddresses/subnet3-acceptanceTestPublicIp1",
            "idle_timeout_in_minutes": 4,
            "ip_address": "40.117.35.43",
            "ip_tags": null,
            "ip_version": "IPv4",
            "location": "eastus",
            "name": "subnet3-acceptanceTestPublicIp1",
            "public_ip_prefix_id": null,
            "resource_group_name": "app_1",
            "reverse_fqdn": null,
            "sku": "Basic",
            "sku_tier": "Regional",
            "tags": null,
            "timeouts": null,
            "zones": null
          },
          "sensitive_attributes": [],
          "private": "eyJlMmJmYjczMC1lY2FhLTExZTYtOGY4OC0zNDM2M2JjN2M0YzAiOnsiY3JlYXRlIjoxODAwMDAwMDAwMDAwLCJkZWxldGUiOjE4MDAwMDAwMDAwMDAsInJlYWQiOjMwMDAwMDAwMDAwMCwidXBkYXRlIjoxODAwMDAwMDAwMDAwfX0=",
          "dependencies": [
            "azurerm_resource_group.one_app"
          ]
        }
      ]
    },
    {
      "mode": "managed",
      "type": "azurerm_resource_group",
      "name": "one_app",
      "provider": "provider[\"registry.terraform.io/hashicorp/azurerm\"]",
      "instances": [
        {
          "schema_version": 0,
          "attributes": {
            "id": "/subscriptions/7b1ed50d-1210-4a50-a492-d45e62644919/resourceGroups/app_1",
            "location": "eastus",
            "managed_by": "",
            "name": "app_1",
            "tags": null,
            "timeouts": null
          },
          "sensitive_attributes": [],
          "private": "eyJlMmJmYjczMC1lY2FhLTExZTYtOGY4OC0zNDM2M2JjN2M0YzAiOnsiY3JlYXRlIjo1NDAwMDAwMDAwMDAwLCJkZWxldGUiOjU0MDAwMDAwMDAwMDAsInJlYWQiOjMwMDAwMDAwMDAwMCwidXBkYXRlIjo1NDAwMDAwMDAwMDAwfX0="
        }
      ]
    },
    {
      "mode": "managed",
      "type": "azurerm_subnet",
      "name": "one_app",
      "provider": "provider[\"registry.terraform.io/hashicorp/azurerm\"]",
      "instances": [
        {
          "index_key": "subnet1",
          "schema_version": 0,
          "attributes": {
            "address_prefixes": [
              "10.0.1.0/24"
            ],
            "delegation": [],
            "enforce_private_link_endpoint_network_policies": false,
            "enforce_private_link_service_network_policies": false,
            "id": "/subscriptions/7b1ed50d-1210-4a50-a492-d45e62644919/resourceGroups/app_1/providers/Microsoft.Network/virtualNetworks/virtualNetwork1/subnets/subnetsubnet1",
            "name": "subnetsubnet1",
            "private_endpoint_network_policies_enabled": true,
            "private_link_service_network_policies_enabled": true,
            "resource_group_name": "app_1",
            "service_endpoint_policy_ids": null,
            "service_endpoints": null,
            "timeouts": null,
            "virtual_network_name": "virtualNetwork1"
          },
          "sensitive_attributes": [],
          "private": "eyJlMmJmYjczMC1lY2FhLTExZTYtOGY4OC0zNDM2M2JjN2M0YzAiOnsiY3JlYXRlIjoxODAwMDAwMDAwMDAwLCJkZWxldGUiOjE4MDAwMDAwMDAwMDAsInJlYWQiOjMwMDAwMDAwMDAwMCwidXBkYXRlIjoxODAwMDAwMDAwMDAwfX0=",
          "dependencies": [
            "azurerm_resource_group.one_app",
            "azurerm_virtual_network.one_app"
          ]
        },
        {
          "index_key": "subnet2",
          "schema_version": 0,
          "attributes": {
            "address_prefixes": [
              "10.0.2.0/24"
            ],
            "delegation": [],
            "enforce_private_link_endpoint_network_policies": false,
            "enforce_private_link_service_network_policies": false,
            "id": "/subscriptions/7b1ed50d-1210-4a50-a492-d45e62644919/resourceGroups/app_1/providers/Microsoft.Network/virtualNetworks/virtualNetwork1/subnets/subnetsubnet2",
            "name": "subnetsubnet2",
            "private_endpoint_network_policies_enabled": true,
            "private_link_service_network_policies_enabled": true,
            "resource_group_name": "app_1",
            "service_endpoint_policy_ids": null,
            "service_endpoints": null,
            "timeouts": null,
            "virtual_network_name": "virtualNetwork1"
          },
          "sensitive_attributes": [],
          "private": "eyJlMmJmYjczMC1lY2FhLTExZTYtOGY4OC0zNDM2M2JjN2M0YzAiOnsiY3JlYXRlIjoxODAwMDAwMDAwMDAwLCJkZWxldGUiOjE4MDAwMDAwMDAwMDAsInJlYWQiOjMwMDAwMDAwMDAwMCwidXBkYXRlIjoxODAwMDAwMDAwMDAwfX0=",
          "dependencies": [
            "azurerm_resource_group.one_app",
            "azurerm_virtual_network.one_app"
          ]
        },
        {
          "index_key": "subnet3",
          "schema_version": 0,
          "attributes": {
            "address_prefixes": [
              "10.0.3.0/24"
            ],
            "delegation": [],
            "enforce_private_link_endpoint_network_policies": false,
            "enforce_private_link_service_network_policies": false,
            "id": "/subscriptions/7b1ed50d-1210-4a50-a492-d45e62644919/resourceGroups/app_1/providers/Microsoft.Network/virtualNetworks/virtualNetwork1/subnets/subnetsubnet3",
            "name": "subnetsubnet3",
            "private_endpoint_network_policies_enabled": true,
            "private_link_service_network_policies_enabled": true,
            "resource_group_name": "app_1",
            "service_endpoint_policy_ids": null,
            "service_endpoints": null,
            "timeouts": null,
            "virtual_network_name": "virtualNetwork1"
          },
          "sensitive_attributes": [],
          "private": "eyJlMmJmYjczMC1lY2FhLTExZTYtOGY4OC0zNDM2M2JjN2M0YzAiOnsiY3JlYXRlIjoxODAwMDAwMDAwMDAwLCJkZWxldGUiOjE4MDAwMDAwMDAwMDAsInJlYWQiOjMwMDAwMDAwMDAwMCwidXBkYXRlIjoxODAwMDAwMDAwMDAwfX0=",
          "dependencies": [
            "azurerm_resource_group.one_app",
            "azurerm_virtual_network.one_app"
          ]
        }
      ]
    },
    {
      "mode": "managed",
      "type": "azurerm_virtual_network",
      "name": "one_app",
      "provider": "provider[\"registry.terraform.io/hashicorp/azurerm\"]",
      "instances": [
        {
          "schema_version": 0,
          "attributes": {
            "address_space": [
              "10.0.0.0/16"
            ],
            "bgp_community": "",
            "ddos_protection_plan": [],
            "dns_servers": [],
            "edge_zone": "",
            "encryption": [],
            "flow_timeout_in_minutes": 0,
            "guid": "07efc9e1-2b0a-48d1-a347-b981f1e3b56e",
            "id": "/subscriptions/7b1ed50d-1210-4a50-a492-d45e62644919/resourceGroups/app_1/providers/Microsoft.Network/virtualNetworks/virtualNetwork1",
            "location": "eastus",
            "name": "virtualNetwork1",
            "resource_group_name": "app_1",
            "subnet": [],
            "tags": null,
            "timeouts": null
          },
          "sensitive_attributes": [],
          "private": "eyJlMmJmYjczMC1lY2FhLTExZTYtOGY4OC0zNDM2M2JjN2M0YzAiOnsiY3JlYXRlIjoxODAwMDAwMDAwMDAwLCJkZWxldGUiOjE4MDAwMDAwMDAwMDAsInJlYWQiOjMwMDAwMDAwMDAwMCwidXBkYXRlIjoxODAwMDAwMDAwMDAwfX0=",
          "dependencies": [
            "azurerm_resource_group.one_app"
          ]
        }
      ]
    },
    {
      "mode": "managed",
      "type": "local_file",
      "name": "private_key",
      "provider": "provider[\"registry.terraform.io/hashicorp/local\"]",
      "instances": [
        {
          "schema_version": 0,
          "attributes": {
            "content": "-----BEGIN RSA PRIVATE KEY-----\nMIIJKAIBAAKCAgEAroU9xSAVROV/akBPPwFdgho/fOFQwGdPUublmwlr0uejdvyz\nHLx9Z8/ksFHMDnWrevF7Z8CKZh7mVKmJyiVPCCnEjE9Kh5xFc9RCNh56mO8siwE0\n/eHyq675OlIX4dqcJooNAQgMI6WjaQRY24feHr9fFbTPDWq9UfSu8ZAbcMEJFSRj\ntymhrJ6E1M/xmes/2N8l5AlrAD+4bWn05XwmXLjfXwn47/BKRXyoFIPWxNL3+WsC\n921YIbYSNR2zHKuyHahyq3SkLyZLVr8qFzUB00jgkoiH/J7JyUwmffklR2f1UQk6\nOxyc6katyWH6DxJa2xEtbOpgFIk6TLEsYHQ1u7zQVJt1YJ13yIj5DeCU5WFyot8S\ntD72p1Y/EBwKntKqKhGSSAz4hfP5/6Jt5/vSPGNXO9syjSgxvL9kp0q1CdQnw3hm\nMRRMJIesqQ2g9PhrsJaxWxZ5r2AFhCdZUAlOCcso+9lbCNBEPBrh49PbortFK/EP\n/lDTaoOrdSn4JsiYC3n6/RXgNJoQ85GFIjG3SIXqlcaqiDg0I7yUj8vgUPby0zDT\nfw1vV2g4DW3/bf2OhopPoZHTPv6L+aRnv9BZc5q7SQX1VAU/Nx2gOxuNtcUbkdqC\n1v2rPmbvorPMBWUuvUaFi6RmF5dHZ0O5eqvzx00JRutreEcd31e2i+wEjukCAwEA\nAQKCAgBmnbPXX+kBrMwBprSyAFSCNnrULAv2RgivX1LsmVqMFWXZhfavU+mNDAGU\n51PLwMbGsIz2UZFPQKYAa/u4H73bt+t48PqKyIlR9SHFfqBpomCXj2sgSSYOawDi\nmPiv9YHRa2UAEUJKB5ARJNw2oSoq/C2lrr38TqHpOa1QHoL0Bp0XkGENhu4oeMDz\n/R07esb89yDpd9wxtkX0F9RGx3wrEw1MbamxM6IIP6b5ARhcfQwP3StOXz3t/Iey\nMbdqiU5e//gE9r2/d43fAOJ36NQc7wIVRzBmitttgFg1xDR2SxtEvd8+eLGPU2XG\nPtTw3cMMgooqO5mpGZNtGtRUFqCsvUmdLqowonjSMNys4crnX7Vm95mJR1kQEAdF\n+GYQHsqQURkQ/UXIsDhAjuX0a2KC41cpfxLYgoNSXXJN2aQViuNYQViXF1Ju+2R1\neizFRDVgopba1yK1I1+4ewlnhshjTZwVi64uBdaASoEvazsVVXnZHJxPd3aPDFy6\n61KDA1iK/+my2ZpAGOqhmh55SWsFMEHmJQGALSVjnqzoW+5pI7p8XT2Gj007BMZ7\nHbRNXYP/FmZs+kuTtbrTUTbfrAjKU/wp8PtU1aII08f2j136nwULhirD7Bq4iH7J\nIFEowINO8EJacNhAPbogV0mnKY8IHikt+aEgzLk/YcY/rklyMQKCAQEA2YtpEluO\n7zzAseTRTCDtpVkzFldEEV1qvvDRFjg3YEt4WfW2ZnrQfrji3q48PwAIgC/yLBYI\nhj7kNXfb3I7KIj7FY/hAI2JfTbu9dLq6jFRUlSYUCI7i1COZ0sOar7OQqtFdWZJJ\nSwRjWscesTqRSFd4SsnMmibefD7EQEf5UphDj8vmTa9BCLJX6ZGCLI53miWlMMdN\nf8l6ZmLecDf4s21xjXYW/az/E/LmOjZhF3X0VFHVdhAU40JaBZ1wJv64eFLDzk7J\n3QjlaPo8OHk6DsESk0RXczVfAET60fVlbIa/LCbA5BVShxkaBB51QCukZ/WRy6cg\n2UtISy5cCLyHdQKCAQEAzV7aOKJ06mcVrHMmvX8uNmXG8Azz0p9wVc6YT59JeR1t\n+kZReUWDaEReerIJYtaBeAlQdWl2tLJ5FSNEkJUGWZ8Lez4L8KhAhwAly4vZhDIP\nVfbIjXBEmN7/+daCmbtbYl4YZ827ioHmeAPMSY/x0QDUoWiSpBeuJkp2fcBfKslZ\nl8n5BJkiQzgt/x/rg/VR2/HAvbJac4B3ZFB1Lxo5VOHqW/u0Y0DxyiVOSlESXF7/\n4ETziB4jUKm9FvkgmdbWw/NOaLrBqYS6I8XBS3Fev1t/KEVmZ0ejOyu2FbvpY4Nz\njZA4YLoZUgpLZ8+X5eJyKw4+7XTbq/a+AwchjfyvJQKCAQEA1r1atphSe62IuRGZ\n2IAYlcN7Pm5d7pY8LMciXcCYSSG2Z3a42mgZLz3qFM4BAl9SBNdPQl1thLbIJk9u\nZEU/GpbD2m7PQR513RGZboR0aNlFtQSled0x4x5RVU9ofk/OWg/ZCfXxC3AFczJj\nBac+ih5ty8VvhisgK5z5tEpXvkQ3TNaFO+HnXGJPjWvpB3qKbUsDySazRZTokfC+\nih92DAfYsz8Cat493L9Eq+nJ5ZK14BX3lFdDhyGUIz7J2nROO9fXGOuFL/78FagN\nkeF4gd/sKhqoCD2CzY1J2b9Wos5QH5ERjxPNJzaMC8zVCMcLvuMVS+Zp8pTxg+T7\nTFRtkQKCAQBnb46ZV7lrFeBkqtqoNpYf78LyxJNJUeRSU2uDLsbiqV/q3d/LJKe6\nrDSpt2Hi1gb/XjGX8TZIbFtvugOejnBUUzaFLAr3esaFOB3RFu7HFi+DLHh2REVI\neYiTXOcKZsLwGFRSc9wxNpvNdpw9sLIqgjCV2wWAgCzGPFrRm0JTWnY1bRRurHIF\nSRZhmMIWBEjmbiyVXm8QHXQEokFjJ+IYTnCrQ2rnUp51IbT82ThWLcLSQegmdody\n6QrDt1YkJYCl0LV9KhLAPolB2ygvxznhR0QUFGAvRHWCJ9HdwHccF+jrM+gxT4nR\nOD4iWvw2XIcECHjJQEIjqnKpM75CtTHBAoIBAAh+r1vKaGNUtIvoyXYuN294bkQ2\naglx0zqizySoqYC+w29jSIp23sWvjk//CrKOw0MWhqKaaYqyx92ojB9crlqZzs4Y\nf3myotwCdFqnuvhyyAUMkHfsFpXSGZreqFmJ0Ipn9i526fjACZIM7Mi8oF+n9cAY\njpbJjiZdnS3ePycJ8F33JqUnKBtqe01wTwWYH8xGBwhQA4JnkrPH0QD6Whqp0q+O\nw4OkLcXXrt+yaJ4hNGwZy9qVORW//FkD9LogY8LSj3pkZKlXMwtKJ1vjf8JQr7ob\nSiFF0lxZjF6P92ryIH86f1yynkfgwEJx2B02vIXFewu5iJajgSw9B+h5xTM=\n-----END RSA PRIVATE KEY-----\n",
            "content_base64": null,
            "content_base64sha256": "f3ezjj7NabW5ZG30jFijG6Vrt/Q/p+0xqqfMdCXGbKw=",
            "content_base64sha512": "WWcdw2hBZqxXSj28pTXFkL/wZhKdydIp0ZpDChXWm8MURDjkZerq5YxKAeDDI/t78Y5XO/AQrzpJW1uIQhhebA==",
            "content_md5": "0c148abd0a8657c2f575f7c1c310d691",
            "content_sha1": "a3a99797968ccdfaa4d0a1af7c1beffaa01c14f5",
            "content_sha256": "7f77b38e3ecd69b5b9646df48c58a31ba56bb7f43fa7ed31aaa7cc7425c66cac",
            "content_sha512": "59671dc3684166ac574a3dbca535c590bff066129dc9d229d19a430a15d69bc3144438e465eaeae58c4a01e0c323fb7bf18e573bf010af3a495b5b8842185e6c",
            "directory_permission": "0777",
            "file_permission": "0777",
            "filename": "private_key.pem",
            "id": "a3a99797968ccdfaa4d0a1af7c1beffaa01c14f5",
            "sensitive_content": null,
            "source": null
          },
          "sensitive_attributes": [
            [
              {
                "type": "get_attr",
                "value": "content"
              }
            ]
          ],
          "dependencies": [
            "tls_private_key.secureadmin_ssh"
          ]
        }
      ]
    },
    {
      "mode": "managed",
      "type": "local_file",
      "name": "public_key",
      "provider": "provider[\"registry.terraform.io/hashicorp/local\"]",
      "instances": [
        {
          "schema_version": 0,
          "attributes": {
            "content": "ssh-rsa AAAAB3NzaC1yc2EAAAADAQABAAACAQCuhT3FIBVE5X9qQE8/AV2CGj984VDAZ09S5uWbCWvS56N2/LMcvH1nz+SwUcwOdat68XtnwIpmHuZUqYnKJU8IKcSMT0qHnEVz1EI2HnqY7yyLATT94fKrrvk6Uhfh2pwmig0BCAwjpaNpBFjbh94ev18VtM8Nar1R9K7xkBtwwQkVJGO3KaGsnoTUz/GZ6z/Y3yXkCWsAP7htafTlfCZcuN9fCfjv8EpFfKgUg9bE0vf5awL3bVghthI1HbMcq7IdqHKrdKQvJktWvyoXNQHTSOCSiIf8nsnJTCZ9+SVHZ/VRCTo7HJzqRq3JYfoPElrbES1s6mAUiTpMsSxgdDW7vNBUm3VgnXfIiPkN4JTlYXKi3xK0PvanVj8QHAqe0qoqEZJIDPiF8/n/om3n+9I8Y1c72zKNKDG8v2SnSrUJ1CfDeGYxFEwkh6ypDaD0+GuwlrFbFnmvYAWEJ1lQCU4Jyyj72VsI0EQ8GuHj09uiu0Ur8Q/+UNNqg6t1KfgmyJgLefr9FeA0mhDzkYUiMbdIheqVxqqIODQjvJSPy+BQ9vLTMNN/DW9XaDgNbf9t/Y6Gik+hkdM+/ov5pGe/0FlzmrtJBfVUBT83HaA7G421xRuR2oLW/as+Zu+is8wFZS69RoWLpGYXl0dnQ7l6q/PHTQlG62t4Rx3fV7aL7ASO6Q==\n",
            "content_base64": null,
            "content_base64sha256": "/OEGxHghpBWOh+MKphzAlsZm7PRB/cn6lhchjGTNNjY=",
            "content_base64sha512": "zGL3f11eCBpIfasyna/mqNUI761CfKnl7f4Nb77uMUGnU50ThWbPaAk49czJrlDn9ANUI+kPYiZ64yb2xs+70A==",
            "content_md5": "8663457c5fdb8891f3c93ce0afb79ef8",
            "content_sha1": "547d43fc4d75d50d0f3fa72c71cb20cfe49b4f2b",
            "content_sha256": "fce106c47821a4158e87e30aa61cc096c666ecf441fdc9fa9617218c64cd3636",
            "content_sha512": "cc62f77f5d5e081a487dab329dafe6a8d508efad427ca9e5edfe0d6fbeee3141a7539d138566cf680938f5ccc9ae50e7f4035423e90f62267ae326f6c6cfbbd0",
            "directory_permission": "0777",
            "file_permission": "0777",
            "filename": "public_key.pem",
            "id": "547d43fc4d75d50d0f3fa72c71cb20cfe49b4f2b",
            "sensitive_content": null,
            "source": null
          },
          "sensitive_attributes": [],
          "dependencies": [
            "tls_private_key.secureadmin_ssh"
          ]
        }
      ]
    },
    {
      "mode": "managed",
      "type": "tls_private_key",
      "name": "secureadmin_ssh",
      "provider": "provider[\"registry.terraform.io/hashicorp/tls\"]",
      "instances": [
        {
          "schema_version": 1,
          "attributes": {
            "algorithm": "RSA",
            "ecdsa_curve": "P224",
            "id": "7d1394e91d112774937835022be8f63c946ac955",
            "private_key_openssh": "-----BEGIN OPENSSH PRIVATE KEY-----\nb3BlbnNzaC1rZXktdjEAAAAABG5vbmUAAAAEbm9uZQAAAAAAAAABAAACFwAAAAdz\nc2gtcnNhAAAAAwEAAQAAAgEAroU9xSAVROV/akBPPwFdgho/fOFQwGdPUublmwlr\n0uejdvyzHLx9Z8/ksFHMDnWrevF7Z8CKZh7mVKmJyiVPCCnEjE9Kh5xFc9RCNh56\nmO8siwE0/eHyq675OlIX4dqcJooNAQgMI6WjaQRY24feHr9fFbTPDWq9UfSu8ZAb\ncMEJFSRjtymhrJ6E1M/xmes/2N8l5AlrAD+4bWn05XwmXLjfXwn47/BKRXyoFIPW\nxNL3+WsC921YIbYSNR2zHKuyHahyq3SkLyZLVr8qFzUB00jgkoiH/J7JyUwmffkl\nR2f1UQk6Oxyc6katyWH6DxJa2xEtbOpgFIk6TLEsYHQ1u7zQVJt1YJ13yIj5DeCU\n5WFyot8StD72p1Y/EBwKntKqKhGSSAz4hfP5/6Jt5/vSPGNXO9syjSgxvL9kp0q1\nCdQnw3hmMRRMJIesqQ2g9PhrsJaxWxZ5r2AFhCdZUAlOCcso+9lbCNBEPBrh49Pb\nortFK/EP/lDTaoOrdSn4JsiYC3n6/RXgNJoQ85GFIjG3SIXqlcaqiDg0I7yUj8vg\nUPby0zDTfw1vV2g4DW3/bf2OhopPoZHTPv6L+aRnv9BZc5q7SQX1VAU/Nx2gOxuN\ntcUbkdqC1v2rPmbvorPMBWUuvUaFi6RmF5dHZ0O5eqvzx00JRutreEcd31e2i+wE\njukAAAc45NY9puTWPaYAAAAHc3NoLXJzYQAAAgEAroU9xSAVROV/akBPPwFdgho/\nfOFQwGdPUublmwlr0uejdvyzHLx9Z8/ksFHMDnWrevF7Z8CKZh7mVKmJyiVPCCnE\njE9Kh5xFc9RCNh56mO8siwE0/eHyq675OlIX4dqcJooNAQgMI6WjaQRY24feHr9f\nFbTPDWq9UfSu8ZAbcMEJFSRjtymhrJ6E1M/xmes/2N8l5AlrAD+4bWn05XwmXLjf\nXwn47/BKRXyoFIPWxNL3+WsC921YIbYSNR2zHKuyHahyq3SkLyZLVr8qFzUB00jg\nkoiH/J7JyUwmffklR2f1UQk6Oxyc6katyWH6DxJa2xEtbOpgFIk6TLEsYHQ1u7zQ\nVJt1YJ13yIj5DeCU5WFyot8StD72p1Y/EBwKntKqKhGSSAz4hfP5/6Jt5/vSPGNX\nO9syjSgxvL9kp0q1CdQnw3hmMRRMJIesqQ2g9PhrsJaxWxZ5r2AFhCdZUAlOCcso\n+9lbCNBEPBrh49PbortFK/EP/lDTaoOrdSn4JsiYC3n6/RXgNJoQ85GFIjG3SIXq\nlcaqiDg0I7yUj8vgUPby0zDTfw1vV2g4DW3/bf2OhopPoZHTPv6L+aRnv9BZc5q7\nSQX1VAU/Nx2gOxuNtcUbkdqC1v2rPmbvorPMBWUuvUaFi6RmF5dHZ0O5eqvzx00J\nRutreEcd31e2i+wEjukAAAADAQABAAACAGads9df6QGszAGmtLIAVII2etQsC/ZG\nCK9fUuyZWowVZdmF9q9T6Y0MAZTnU8vAxsawjPZRkU9ApgBr+7gfvdu363jw+orI\niVH1IcV+oGmiYJePayBJJg5rAOKY+K/1gdFrZQARQkoHkBEk3DahKir8LaWuvfxO\noek5rVAegvQGnReQYQ2G7ih4wPP9HTt6xvz3IOl33DG2RfQX1EbHfCsTDUxtqbEz\nogg/pvkBGFx9DA/dK05fPe38h7Ixt2qJTl7/+AT2vb93jd8A4nfo1BzvAhVHMGaK\n222AWDXENHZLG0S93z54sY9TZcY+1PDdwwyCiio7makZk20a1FQWoKy9SZ0uqjCi\neNIw3KzhyudftWb3mYlHWRAQB0X4ZhAeypBRGRD9RciwOECO5fRrYoLjVyl/EtiC\ng1Jdck3ZpBWK41hBWJcXUm77ZHV6LMVENWCiltrXIrUjX7h7CWeGyGNNnBWLri4F\n1oBKgS9rOxVVedkcnE93do8MXLrrUoMDWIr/6bLZmkAY6qGaHnlJawUwQeYlAYAt\nJWOerOhb7mkjunxdPYaPTTsExnsdtE1dg/8WZmz6S5O1utNRNt+sCMpT/Cnw+1TV\nogjTx/aPXfqfBQuGKsPsGriIfskgUSjAg07wQlpw2EA9uiBXSacpjwgeKS35oSDM\nuT9hxj+uSXIxAAABAAh+r1vKaGNUtIvoyXYuN294bkQ2aglx0zqizySoqYC+w29j\nSIp23sWvjk//CrKOw0MWhqKaaYqyx92ojB9crlqZzs4Yf3myotwCdFqnuvhyyAUM\nkHfsFpXSGZreqFmJ0Ipn9i526fjACZIM7Mi8oF+n9cAYjpbJjiZdnS3ePycJ8F33\nJqUnKBtqe01wTwWYH8xGBwhQA4JnkrPH0QD6Whqp0q+Ow4OkLcXXrt+yaJ4hNGwZ\ny9qVORW//FkD9LogY8LSj3pkZKlXMwtKJ1vjf8JQr7obSiFF0lxZjF6P92ryIH86\nf1yynkfgwEJx2B02vIXFewu5iJajgSw9B+h5xTMAAAEBANmLaRJbju88wLHk0Uwg\n7aVZMxZXRBFdar7w0RY4N2BLeFn1tmZ60H644t6uPD8ACIAv8iwWCIY+5DV329yO\nyiI+xWP4QCNiX027vXS6uoxUVJUmFAiO4tQjmdLDmq+zkKrRXVmSSUsEY1rHHrE6\nkUhXeErJzJom3nw+xEBH+VKYQ4/L5k2vQQiyV+mRgiyOd5olpTDHTX/JemZi3nA3\n+LNtcY12Fv2s/xPy5jo2YRd19FRR1XYQFONCWgWdcCb+uHhSw85Oyd0I5Wj6PDh5\nOg7BEpNEV3M1XwBE+tH1ZWyGvywmwOQVUocZGgQedUArpGf1kcunINlLSEsuXAi8\nh3UAAAEBAM1e2jiidOpnFaxzJr1/LjZlxvAM89KfcFXOmE+fSXkdbfpGUXlFg2hE\nXnqyCWLWgXgJUHVpdrSyeRUjRJCVBlmfC3s+C/CoQIcAJcuL2YQyD1X2yI1wRJje\n//nWgpm7W2JeGGfNu4qB5ngDzEmP8dEA1KFokqQXriZKdn3AXyrJWZfJ+QSZIkM4\nLf8f64P1UdvxwL2yWnOAd2RQdS8aOVTh6lv7tGNA8colTkpRElxe/+BE84geI1Cp\nvRb5IJnW1sPzTmi6wamEuiPFwUtxXr9bfyhFZmdHozsrthW76WODc42QOGC6GVIK\nS2fPl+XicisOPu1026v2vgMHIY38ryUAAAAAAQID\n-----END OPENSSH PRIVATE KEY-----\n",
            "private_key_pem": "-----BEGIN RSA PRIVATE KEY-----\nMIIJKAIBAAKCAgEAroU9xSAVROV/akBPPwFdgho/fOFQwGdPUublmwlr0uejdvyz\nHLx9Z8/ksFHMDnWrevF7Z8CKZh7mVKmJyiVPCCnEjE9Kh5xFc9RCNh56mO8siwE0\n/eHyq675OlIX4dqcJooNAQgMI6WjaQRY24feHr9fFbTPDWq9UfSu8ZAbcMEJFSRj\ntymhrJ6E1M/xmes/2N8l5AlrAD+4bWn05XwmXLjfXwn47/BKRXyoFIPWxNL3+WsC\n921YIbYSNR2zHKuyHahyq3SkLyZLVr8qFzUB00jgkoiH/J7JyUwmffklR2f1UQk6\nOxyc6katyWH6DxJa2xEtbOpgFIk6TLEsYHQ1u7zQVJt1YJ13yIj5DeCU5WFyot8S\ntD72p1Y/EBwKntKqKhGSSAz4hfP5/6Jt5/vSPGNXO9syjSgxvL9kp0q1CdQnw3hm\nMRRMJIesqQ2g9PhrsJaxWxZ5r2AFhCdZUAlOCcso+9lbCNBEPBrh49PbortFK/EP\n/lDTaoOrdSn4JsiYC3n6/RXgNJoQ85GFIjG3SIXqlcaqiDg0I7yUj8vgUPby0zDT\nfw1vV2g4DW3/bf2OhopPoZHTPv6L+aRnv9BZc5q7SQX1VAU/Nx2gOxuNtcUbkdqC\n1v2rPmbvorPMBWUuvUaFi6RmF5dHZ0O5eqvzx00JRutreEcd31e2i+wEjukCAwEA\nAQKCAgBmnbPXX+kBrMwBprSyAFSCNnrULAv2RgivX1LsmVqMFWXZhfavU+mNDAGU\n51PLwMbGsIz2UZFPQKYAa/u4H73bt+t48PqKyIlR9SHFfqBpomCXj2sgSSYOawDi\nmPiv9YHRa2UAEUJKB5ARJNw2oSoq/C2lrr38TqHpOa1QHoL0Bp0XkGENhu4oeMDz\n/R07esb89yDpd9wxtkX0F9RGx3wrEw1MbamxM6IIP6b5ARhcfQwP3StOXz3t/Iey\nMbdqiU5e//gE9r2/d43fAOJ36NQc7wIVRzBmitttgFg1xDR2SxtEvd8+eLGPU2XG\nPtTw3cMMgooqO5mpGZNtGtRUFqCsvUmdLqowonjSMNys4crnX7Vm95mJR1kQEAdF\n+GYQHsqQURkQ/UXIsDhAjuX0a2KC41cpfxLYgoNSXXJN2aQViuNYQViXF1Ju+2R1\neizFRDVgopba1yK1I1+4ewlnhshjTZwVi64uBdaASoEvazsVVXnZHJxPd3aPDFy6\n61KDA1iK/+my2ZpAGOqhmh55SWsFMEHmJQGALSVjnqzoW+5pI7p8XT2Gj007BMZ7\nHbRNXYP/FmZs+kuTtbrTUTbfrAjKU/wp8PtU1aII08f2j136nwULhirD7Bq4iH7J\nIFEowINO8EJacNhAPbogV0mnKY8IHikt+aEgzLk/YcY/rklyMQKCAQEA2YtpEluO\n7zzAseTRTCDtpVkzFldEEV1qvvDRFjg3YEt4WfW2ZnrQfrji3q48PwAIgC/yLBYI\nhj7kNXfb3I7KIj7FY/hAI2JfTbu9dLq6jFRUlSYUCI7i1COZ0sOar7OQqtFdWZJJ\nSwRjWscesTqRSFd4SsnMmibefD7EQEf5UphDj8vmTa9BCLJX6ZGCLI53miWlMMdN\nf8l6ZmLecDf4s21xjXYW/az/E/LmOjZhF3X0VFHVdhAU40JaBZ1wJv64eFLDzk7J\n3QjlaPo8OHk6DsESk0RXczVfAET60fVlbIa/LCbA5BVShxkaBB51QCukZ/WRy6cg\n2UtISy5cCLyHdQKCAQEAzV7aOKJ06mcVrHMmvX8uNmXG8Azz0p9wVc6YT59JeR1t\n+kZReUWDaEReerIJYtaBeAlQdWl2tLJ5FSNEkJUGWZ8Lez4L8KhAhwAly4vZhDIP\nVfbIjXBEmN7/+daCmbtbYl4YZ827ioHmeAPMSY/x0QDUoWiSpBeuJkp2fcBfKslZ\nl8n5BJkiQzgt/x/rg/VR2/HAvbJac4B3ZFB1Lxo5VOHqW/u0Y0DxyiVOSlESXF7/\n4ETziB4jUKm9FvkgmdbWw/NOaLrBqYS6I8XBS3Fev1t/KEVmZ0ejOyu2FbvpY4Nz\njZA4YLoZUgpLZ8+X5eJyKw4+7XTbq/a+AwchjfyvJQKCAQEA1r1atphSe62IuRGZ\n2IAYlcN7Pm5d7pY8LMciXcCYSSG2Z3a42mgZLz3qFM4BAl9SBNdPQl1thLbIJk9u\nZEU/GpbD2m7PQR513RGZboR0aNlFtQSled0x4x5RVU9ofk/OWg/ZCfXxC3AFczJj\nBac+ih5ty8VvhisgK5z5tEpXvkQ3TNaFO+HnXGJPjWvpB3qKbUsDySazRZTokfC+\nih92DAfYsz8Cat493L9Eq+nJ5ZK14BX3lFdDhyGUIz7J2nROO9fXGOuFL/78FagN\nkeF4gd/sKhqoCD2CzY1J2b9Wos5QH5ERjxPNJzaMC8zVCMcLvuMVS+Zp8pTxg+T7\nTFRtkQKCAQBnb46ZV7lrFeBkqtqoNpYf78LyxJNJUeRSU2uDLsbiqV/q3d/LJKe6\nrDSpt2Hi1gb/XjGX8TZIbFtvugOejnBUUzaFLAr3esaFOB3RFu7HFi+DLHh2REVI\neYiTXOcKZsLwGFRSc9wxNpvNdpw9sLIqgjCV2wWAgCzGPFrRm0JTWnY1bRRurHIF\nSRZhmMIWBEjmbiyVXm8QHXQEokFjJ+IYTnCrQ2rnUp51IbT82ThWLcLSQegmdody\n6QrDt1YkJYCl0LV9KhLAPolB2ygvxznhR0QUFGAvRHWCJ9HdwHccF+jrM+gxT4nR\nOD4iWvw2XIcECHjJQEIjqnKpM75CtTHBAoIBAAh+r1vKaGNUtIvoyXYuN294bkQ2\naglx0zqizySoqYC+w29jSIp23sWvjk//CrKOw0MWhqKaaYqyx92ojB9crlqZzs4Y\nf3myotwCdFqnuvhyyAUMkHfsFpXSGZreqFmJ0Ipn9i526fjACZIM7Mi8oF+n9cAY\njpbJjiZdnS3ePycJ8F33JqUnKBtqe01wTwWYH8xGBwhQA4JnkrPH0QD6Whqp0q+O\nw4OkLcXXrt+yaJ4hNGwZy9qVORW//FkD9LogY8LSj3pkZKlXMwtKJ1vjf8JQr7ob\nSiFF0lxZjF6P92ryIH86f1yynkfgwEJx2B02vIXFewu5iJajgSw9B+h5xTM=\n-----END RSA PRIVATE KEY-----\n",
            "private_key_pem_pkcs8": "-----BEGIN PRIVATE KEY-----\nMIIJQgIBADANBgkqhkiG9w0BAQEFAASCCSwwggkoAgEAAoICAQCuhT3FIBVE5X9q\nQE8/AV2CGj984VDAZ09S5uWbCWvS56N2/LMcvH1nz+SwUcwOdat68XtnwIpmHuZU\nqYnKJU8IKcSMT0qHnEVz1EI2HnqY7yyLATT94fKrrvk6Uhfh2pwmig0BCAwjpaNp\nBFjbh94ev18VtM8Nar1R9K7xkBtwwQkVJGO3KaGsnoTUz/GZ6z/Y3yXkCWsAP7ht\nafTlfCZcuN9fCfjv8EpFfKgUg9bE0vf5awL3bVghthI1HbMcq7IdqHKrdKQvJktW\nvyoXNQHTSOCSiIf8nsnJTCZ9+SVHZ/VRCTo7HJzqRq3JYfoPElrbES1s6mAUiTpM\nsSxgdDW7vNBUm3VgnXfIiPkN4JTlYXKi3xK0PvanVj8QHAqe0qoqEZJIDPiF8/n/\nom3n+9I8Y1c72zKNKDG8v2SnSrUJ1CfDeGYxFEwkh6ypDaD0+GuwlrFbFnmvYAWE\nJ1lQCU4Jyyj72VsI0EQ8GuHj09uiu0Ur8Q/+UNNqg6t1KfgmyJgLefr9FeA0mhDz\nkYUiMbdIheqVxqqIODQjvJSPy+BQ9vLTMNN/DW9XaDgNbf9t/Y6Gik+hkdM+/ov5\npGe/0FlzmrtJBfVUBT83HaA7G421xRuR2oLW/as+Zu+is8wFZS69RoWLpGYXl0dn\nQ7l6q/PHTQlG62t4Rx3fV7aL7ASO6QIDAQABAoICAGads9df6QGszAGmtLIAVII2\netQsC/ZGCK9fUuyZWowVZdmF9q9T6Y0MAZTnU8vAxsawjPZRkU9ApgBr+7gfvdu3\n63jw+orIiVH1IcV+oGmiYJePayBJJg5rAOKY+K/1gdFrZQARQkoHkBEk3DahKir8\nLaWuvfxOoek5rVAegvQGnReQYQ2G7ih4wPP9HTt6xvz3IOl33DG2RfQX1EbHfCsT\nDUxtqbEzogg/pvkBGFx9DA/dK05fPe38h7Ixt2qJTl7/+AT2vb93jd8A4nfo1Bzv\nAhVHMGaK222AWDXENHZLG0S93z54sY9TZcY+1PDdwwyCiio7makZk20a1FQWoKy9\nSZ0uqjCieNIw3KzhyudftWb3mYlHWRAQB0X4ZhAeypBRGRD9RciwOECO5fRrYoLj\nVyl/EtiCg1Jdck3ZpBWK41hBWJcXUm77ZHV6LMVENWCiltrXIrUjX7h7CWeGyGNN\nnBWLri4F1oBKgS9rOxVVedkcnE93do8MXLrrUoMDWIr/6bLZmkAY6qGaHnlJawUw\nQeYlAYAtJWOerOhb7mkjunxdPYaPTTsExnsdtE1dg/8WZmz6S5O1utNRNt+sCMpT\n/Cnw+1TVogjTx/aPXfqfBQuGKsPsGriIfskgUSjAg07wQlpw2EA9uiBXSacpjwge\nKS35oSDMuT9hxj+uSXIxAoIBAQDZi2kSW47vPMCx5NFMIO2lWTMWV0QRXWq+8NEW\nODdgS3hZ9bZmetB+uOLerjw/AAiAL/IsFgiGPuQ1d9vcjsoiPsVj+EAjYl9Nu710\nurqMVFSVJhQIjuLUI5nSw5qvs5Cq0V1ZkklLBGNaxx6xOpFIV3hKycyaJt58PsRA\nR/lSmEOPy+ZNr0EIslfpkYIsjneaJaUwx01/yXpmYt5wN/izbXGNdhb9rP8T8uY6\nNmEXdfRUUdV2EBTjQloFnXAm/rh4UsPOTsndCOVo+jw4eToOwRKTRFdzNV8ARPrR\n9WVshr8sJsDkFVKHGRoEHnVAK6Rn9ZHLpyDZS0hLLlwIvId1AoIBAQDNXto4onTq\nZxWscya9fy42ZcbwDPPSn3BVzphPn0l5HW36RlF5RYNoRF56sgli1oF4CVB1aXa0\nsnkVI0SQlQZZnwt7PgvwqECHACXLi9mEMg9V9siNcESY3v/51oKZu1tiXhhnzbuK\ngeZ4A8xJj/HRANShaJKkF64mSnZ9wF8qyVmXyfkEmSJDOC3/H+uD9VHb8cC9slpz\ngHdkUHUvGjlU4epb+7RjQPHKJU5KURJcXv/gRPOIHiNQqb0W+SCZ1tbD805ousGp\nhLojxcFLcV6/W38oRWZnR6M7K7YVu+ljg3ONkDhguhlSCktnz5fl4nIrDj7tdNur\n9r4DByGN/K8lAoIBAQDWvVq2mFJ7rYi5EZnYgBiVw3s+bl3uljwsxyJdwJhJIbZn\ndrjaaBkvPeoUzgECX1IE109CXW2EtsgmT25kRT8alsPabs9BHnXdEZluhHRo2UW1\nBKV53THjHlFVT2h+T85aD9kJ9fELcAVzMmMFpz6KHm3LxW+GKyArnPm0Sle+RDdM\n1oU74edcYk+Na+kHeoptSwPJJrNFlOiR8L6KH3YMB9izPwJq3j3cv0Sr6cnlkrXg\nFfeUV0OHIZQjPsnadE4719cY64Uv/vwVqA2R4XiB3+wqGqgIPYLNjUnZv1aizlAf\nkRGPE80nNowLzNUIxwu+4xVL5mnylPGD5PtMVG2RAoIBAGdvjplXuWsV4GSq2qg2\nlh/vwvLEk0lR5FJTa4MuxuKpX+rd38skp7qsNKm3YeLWBv9eMZfxNkhsW2+6A56O\ncFRTNoUsCvd6xoU4HdEW7scWL4MseHZERUh5iJNc5wpmwvAYVFJz3DE2m812nD2w\nsiqCMJXbBYCALMY8WtGbQlNadjVtFG6scgVJFmGYwhYESOZuLJVebxAddASiQWMn\n4hhOcKtDaudSnnUhtPzZOFYtwtJB6CZ2h3LpCsO3ViQlgKXQtX0qEsA+iUHbKC/H\nOeFHRBQUYC9EdYIn0d3AdxwX6Osz6DFPidE4PiJa/DZchwQIeMlAQiOqcqkzvkK1\nMcECggEACH6vW8poY1S0i+jJdi43b3huRDZqCXHTOqLPJKipgL7Db2NIinbexa+O\nT/8Kso7DQxaGopppirLH3aiMH1yuWpnOzhh/ebKi3AJ0Wqe6+HLIBQyQd+wWldIZ\nmt6oWYnQimf2Lnbp+MAJkgzsyLygX6f1wBiOlsmOJl2dLd4/JwnwXfcmpScoG2p7\nTXBPBZgfzEYHCFADgmeSs8fRAPpaGqnSr47Dg6Qtxdeu37JoniE0bBnL2pU5Fb/8\nWQP0uiBjwtKPemRkqVczC0onW+N/wlCvuhtKIUXSXFmMXo/3avIgfzp/XLKeR+DA\nQnHYHTa8hcV7C7mIlqOBLD0H6HnFMw==\n-----END PRIVATE KEY-----\n",
            "public_key_fingerprint_md5": "87:23:53:6d:e4:9c:ac:a9:99:4f:49:81:18:cd:bf:a3",
            "public_key_fingerprint_sha256": "SHA256:3+gAMo2/dFFxv1bhMPizcGIp9ABsZoowt/0etIHk8f0",
            "public_key_openssh": "ssh-rsa AAAAB3NzaC1yc2EAAAADAQABAAACAQCuhT3FIBVE5X9qQE8/AV2CGj984VDAZ09S5uWbCWvS56N2/LMcvH1nz+SwUcwOdat68XtnwIpmHuZUqYnKJU8IKcSMT0qHnEVz1EI2HnqY7yyLATT94fKrrvk6Uhfh2pwmig0BCAwjpaNpBFjbh94ev18VtM8Nar1R9K7xkBtwwQkVJGO3KaGsnoTUz/GZ6z/Y3yXkCWsAP7htafTlfCZcuN9fCfjv8EpFfKgUg9bE0vf5awL3bVghthI1HbMcq7IdqHKrdKQvJktWvyoXNQHTSOCSiIf8nsnJTCZ9+SVHZ/VRCTo7HJzqRq3JYfoPElrbES1s6mAUiTpMsSxgdDW7vNBUm3VgnXfIiPkN4JTlYXKi3xK0PvanVj8QHAqe0qoqEZJIDPiF8/n/om3n+9I8Y1c72zKNKDG8v2SnSrUJ1CfDeGYxFEwkh6ypDaD0+GuwlrFbFnmvYAWEJ1lQCU4Jyyj72VsI0EQ8GuHj09uiu0Ur8Q/+UNNqg6t1KfgmyJgLefr9FeA0mhDzkYUiMbdIheqVxqqIODQjvJSPy+BQ9vLTMNN/DW9XaDgNbf9t/Y6Gik+hkdM+/ov5pGe/0FlzmrtJBfVUBT83HaA7G421xRuR2oLW/as+Zu+is8wFZS69RoWLpGYXl0dnQ7l6q/PHTQlG62t4Rx3fV7aL7ASO6Q==\n",
            "public_key_pem": "-----BEGIN PUBLIC KEY-----\nMIICIjANBgkqhkiG9w0BAQEFAAOCAg8AMIICCgKCAgEAroU9xSAVROV/akBPPwFd\ngho/fOFQwGdPUublmwlr0uejdvyzHLx9Z8/ksFHMDnWrevF7Z8CKZh7mVKmJyiVP\nCCnEjE9Kh5xFc9RCNh56mO8siwE0/eHyq675OlIX4dqcJooNAQgMI6WjaQRY24fe\nHr9fFbTPDWq9UfSu8ZAbcMEJFSRjtymhrJ6E1M/xmes/2N8l5AlrAD+4bWn05Xwm\nXLjfXwn47/BKRXyoFIPWxNL3+WsC921YIbYSNR2zHKuyHahyq3SkLyZLVr8qFzUB\n00jgkoiH/J7JyUwmffklR2f1UQk6Oxyc6katyWH6DxJa2xEtbOpgFIk6TLEsYHQ1\nu7zQVJt1YJ13yIj5DeCU5WFyot8StD72p1Y/EBwKntKqKhGSSAz4hfP5/6Jt5/vS\nPGNXO9syjSgxvL9kp0q1CdQnw3hmMRRMJIesqQ2g9PhrsJaxWxZ5r2AFhCdZUAlO\nCcso+9lbCNBEPBrh49PbortFK/EP/lDTaoOrdSn4JsiYC3n6/RXgNJoQ85GFIjG3\nSIXqlcaqiDg0I7yUj8vgUPby0zDTfw1vV2g4DW3/bf2OhopPoZHTPv6L+aRnv9BZ\nc5q7SQX1VAU/Nx2gOxuNtcUbkdqC1v2rPmbvorPMBWUuvUaFi6RmF5dHZ0O5eqvz\nx00JRutreEcd31e2i+wEjukCAwEAAQ==\n-----END PUBLIC KEY-----\n",
            "rsa_bits": 4096
          },
          "sensitive_attributes": []
        }
      ]
    }
  ],
  "check_results": null
}
